# THIS IS AN AUTOGENERATED FILE. DO NOT EDIT THIS FILE DIRECTLY.
# yarn lockfile v1


auto-changelog@^1.16.2:
  version "1.16.2"
  resolved "https://registry.yarnpkg.com/auto-changelog/-/auto-changelog-1.16.2.tgz#4b08b7cbd07fdbd9139c6e06ea0b704db3f5485c"
  integrity sha512-QL7zKH5FBBHz6tECO8CjZ8LpdevVSJoDskDzzPeoB9Bfe6LyXmRzXUoTIFKJXXdVaX8ydMpDO9Oa8ihZ4Au+CA==
  dependencies:
    commander "^3.0.1"
    core-js "^3.2.1"
    handlebars "^4.1.2"
    lodash.uniqby "^4.7.0"
    node-fetch "^2.6.0"
    parse-github-url "^1.0.2"
    regenerator-runtime "^0.13.3"
    semver "^6.3.0"

commander@^3.0.1:
  version "3.0.2"
  resolved "https://registry.yarnpkg.com/commander/-/commander-3.0.2.tgz#6837c3fb677ad9933d1cfba42dd14d5117d6b39e"
  integrity sha512-Gar0ASD4BDyKC4hl4DwHqDrmvjoxWKZigVnAbn5H1owvm4CxCPdb0HQDehwNYMJpla5+M2tPmPARzhtYuwpHow==

commander@~2.20.3:
  version "2.20.3"
  resolved "https://registry.yarnpkg.com/commander/-/commander-2.20.3.tgz#fd485e84c03eb4881c20722ba48035e8531aeb33"
  integrity sha512-GpVkmM8vF2vQUkj2LvZmD35JxeJOLCwJ9cUkugyk2nuhbv3+mJvpLYYt+0+USMxE+oj+ey/lJEnhZw75x/OMcQ==

core-js@^3.2.1:
  version "3.6.4"
  resolved "https://registry.yarnpkg.com/core-js/-/core-js-3.6.4.tgz#440a83536b458114b9cb2ac1580ba377dc470647"
  integrity sha512-4paDGScNgZP2IXXilaffL9X7968RuvwlkK3xWtZRVqgd8SYNiVKRJvkFd1aqqEuPfN7E68ZHEp9hDj6lHj4Hyw==

handlebars@^4.1.2:
  version "4.7.3"
  resolved "https://registry.yarnpkg.com/handlebars/-/handlebars-4.7.3.tgz#8ece2797826886cf8082d1726ff21d2a022550ee"
  integrity sha512-SRGwSYuNfx8DwHD/6InAPzD6RgeruWLT+B8e8a7gGs8FWgHzlExpTFMEq2IA6QpAfOClpKHy6+8IqTjeBCu6Kg==
  dependencies:
    neo-async "^2.6.0"
    optimist "^0.6.1"
    source-map "^0.6.1"
  optionalDependencies:
    uglify-js "^3.1.4"

lodash.uniqby@^4.7.0:
  version "4.7.0"
  resolved "https://registry.yarnpkg.com/lodash.uniqby/-/lodash.uniqby-4.7.0.tgz#d99c07a669e9e6d24e1362dfe266c67616af1302"
  integrity sha1-2ZwHpmnp5tJOE2Lf4mbGdhavEwI=

minimist@~0.0.1:
  version "0.0.10"
  resolved "https://registry.yarnpkg.com/minimist/-/minimist-0.0.10.tgz#de3f98543dbf96082be48ad1a0c7cda836301dcf"
  integrity sha1-3j+YVD2/lggr5IrRoMfNqDYwHc8=

neo-async@^2.6.0:
  version "2.6.1"
  resolved "https://registry.yarnpkg.com/neo-async/-/neo-async-2.6.1.tgz#ac27ada66167fa8849a6addd837f6b189ad2081c"
  integrity sha512-iyam8fBuCUpWeKPGpaNMetEocMt364qkCsfL9JuhjXX6dRnguRVOfk2GZaDpPjcOKiiXCPINZC1GczQ7iTq3Zw==

node-fetch@^2.6.0:
  version "2.6.1"
  resolved "https://registry.yarnpkg.com/node-fetch/-/node-fetch-2.6.1.tgz#045bd323631f76ed2e2b55573394416b639a0052"
  integrity sha512-V4aYg89jEoVRxRb2fJdAg8FHvI7cEyYdVAh94HH0UIK8oJxUfkjlDQN9RbMx+bEjP7+ggMiFRprSti032Oipxw==

optimist@^0.6.1:
  version "0.6.1"
  resolved "https://registry.yarnpkg.com/optimist/-/optimist-0.6.1.tgz#da3ea74686fa21a19a111c326e90eb15a0196686"
  integrity sha1-2j6nRob6IaGaERwybpDrFaAZZoY=
  dependencies:
    minimist "~0.0.1"
    wordwrap "~0.0.2"

parse-github-url@^1.0.2:
  version "1.0.2"
  resolved "https://registry.yarnpkg.com/parse-github-url/-/parse-github-url-1.0.2.tgz#242d3b65cbcdda14bb50439e3242acf6971db395"
  integrity sha512-kgBf6avCbO3Cn6+RnzRGLkUsv4ZVqv/VfAYkRsyBcgkshNvVBkRn1FEZcW0Jb+npXQWm2vHPnnOqFteZxRRGNw==

prettier@^1.19.1:
  version "1.19.1"
  resolved "https://registry.yarnpkg.com/prettier/-/prettier-1.19.1.tgz#f7d7f5ff8a9cd872a7be4ca142095956a60797cb"
  integrity sha512-s7PoyDv/II1ObgQunCbB9PdLmUcBZcnWOcxDh7O0N/UwDEsHyqkW+Qh28jW+mVuCdx7gLB0BotYI1Y6uI9iyew==

regenerator-runtime@^0.13.3:
  version "0.13.3"
  resolved "https://registry.yarnpkg.com/regenerator-runtime/-/regenerator-runtime-0.13.3.tgz#7cf6a77d8f5c6f60eb73c5fc1955b2ceb01e6bf5"
  integrity sha512-naKIZz2GQ8JWh///G7L3X6LaQUAMp2lvb1rvwwsURe/VXwD6VMfr+/1NuNw3ag8v2kY1aQ/go5SNn79O9JU7yw==

semver@^6.3.0:
  version "6.3.0"
  resolved "https://registry.yarnpkg.com/semver/-/semver-6.3.0.tgz#ee0a64c8af5e8ceea67687b133761e1becbd1d3d"
  integrity sha512-b39TBaTSfV6yBrapU89p5fKekE2m/NwnDocOVruQFS1/veMgdzuPcnOM34M6CwxW8jH/lxEa5rBoDeUwu5HHTw==

source-map@^0.6.1, source-map@~0.6.1:
  version "0.6.1"
  resolved "https://registry.yarnpkg.com/source-map/-/source-map-0.6.1.tgz#74722af32e9614e9c287a8d0bbde48b5e2f1a263"
  integrity sha512-UjgapumWlbMhkBgzT7Ykc5YXUT46F0iKu8SGXq0bcwP5dz/h0Plj6enJqjz1Zbq2l5WaqYnrVbwWOWMyF3F47g==

uglify-js@^3.1.4:
  version "3.7.7"
  resolved "https://registry.yarnpkg.com/uglify-js/-/uglify-js-3.7.7.tgz#21e52c7dccda80a53bf7cde69628a7e511aec9c9"
  integrity sha512-FeSU+hi7ULYy6mn8PKio/tXsdSXN35lm4KgV2asx00kzrLU9Pi3oAslcJT70Jdj7PHX29gGUPOT6+lXGBbemhA==
  dependencies:
    commander "~2.20.3"
    source-map "~0.6.1"

wordwrap@~0.0.2:
  version "0.0.3"
  resolved "https://registry.yarnpkg.com/wordwrap/-/wordwrap-0.0.3.tgz#a3d5da6cd5c0bc0008d37234bbaf1bed63059107"
  integrity sha1-o9XabNXAvAAI03I0u68b7WMFkQc=
